{
  "name": "Capstone_RN_Team",
  "lockfileVersion": 3,
  "requires": true,
  "packages": {
    "": {
      "dependencies": {
        "paypal-express-checkout": "^1.6.3"
      }
    },
    "node_modules/paypal-express-checkout": {
      "version": "1.6.3",
      "resolved": "https://registry.npmjs.org/paypal-express-checkout/-/paypal-express-checkout-1.6.3.tgz",
      "integrity": "sha512-UiTt2MKB89Z8FlXwmRfvcFX3z4FCo8ZjizXkWZ27Iwe19KQM5nG9FWevA0UAtZdgb+PRfEbQ0iM8KrgJ4OyhxQ==",
      "engines": {
        "node": ">=0.8.x"
      }
    }
  }
}
